
Microsoft Visual Studio Solution File, Format Version 12.00
# Visual Studio 15
VisualStudioVersion = 15.0.28010.2036
MinimumVisualStudioVersion = 10.0.40219.1
Project("{FAE04EC0-301F-11D3-BF4B-00C04F79EFBC}") = "Minesweeper RC", "Minesweeper RC\Minesweeper RC.csproj", "{4F34A8B7-B980-49BC-8E2B-E4410EE09035}"
EndProject
Project("{FAE04EC0-301F-11D3-BF4B-00C04F79EFBC}") = "Minesweeper RC Test", "Minesweeper RC Test\Minesweeper RC Test.csproj", "{45748714-5365-4E62-ABA6-C20F8CA3DE92}"
EndProject
Global
	GlobalSection(SolutionConfigurationPlatforms) = preSolution
		Debug|Any CPU = Debug|Any CPU
		Release|Any CPU = Release|Any CPU
	EndGlobalSection
	GlobalSection(ProjectConfigurationPlatforms) = postSolution
		{4F34A8B7-B980-49BC-8E2B-E4410EE09035}.Debug|Any CPU.ActiveCfg = Debug|Any CPU
		{4F34A8B7-B980-49BC-8E2B-E4410EE09035}.Debug|Any CPU.Build.0 = Debug|Any CPU
		{4F34A8B7-B980-49BC-8E2B-E4410EE09035}.Release|Any CPU.ActiveCfg = Release|Any CPU
		{4F34A8B7-B980-49BC-8E2B-E4410EE09035}.Release|Any CPU.Build.0 = Release|Any CPU
		{45748714-5365-4E62-ABA6-C20F8CA3DE92}.Debug|Any CPU.ActiveCfg = Debug|Any CPU
		{45748714-5365-4E62-ABA6-C20F8CA3DE92}.Debug|Any CPU.Build.0 = Debug|Any CPU
		{45748714-5365-4E62-ABA6-C20F8CA3DE92}.Release|Any CPU.ActiveCfg = Release|Any CPU
		{45748714-5365-4E62-ABA6-C20F8CA3DE92}.Release|Any CPU.Build.0 = Release|Any CPU
	EndGlobalSection
	GlobalSection(SolutionProperties) = preSolution
		HideSolutionNode = FALSE
	EndGlobalSection
	GlobalSection(ExtensibilityGlobals) = postSolution
		SolutionGuid = {F7105480-F581-4601-AA99-611865456F08}
	EndGlobalSection
EndGlobal
